
Microsoft Visual Studio Solution File, Format Version 12.00
# Visual Studio Version 16
VisualStudioVersion = 16.0.29001.49
MinimumVisualStudioVersion = 10.0.40219.1
Project("{FAE04EC0-301F-11D3-BF4B-00C04F79EFBC}") = "HealthAndBeauty", "HealthAndBeauty\HealthAndBeauty.csproj", "{4C47E364-489B-4E1B-84BD-4505D5D818C9}"
EndProject
Global
	GlobalSection(SolutionConfigurationPlatforms) = preSolution
		Debug|Any CPU = Debug|Any CPU
		Release|Any CPU = Release|Any CPU
	EndGlobalSection
	GlobalSection(ProjectConfigurationPlatforms) = postSolution
		{4C47E364-489B-4E1B-84BD-4505D5D818C9}.Debug|Any CPU.ActiveCfg = Debug|Any CPU
		{4C47E364-489B-4E1B-84BD-4505D5D818C9}.Debug|Any CPU.Build.0 = Debug|Any CPU
		{4C47E364-489B-4E1B-84BD-4505D5D818C9}.Release|Any CPU.ActiveCfg = Release|Any CPU
		{4C47E364-489B-4E1B-84BD-4505D5D818C9}.Release|Any CPU.Build.0 = Release|Any CPU
	EndGlobalSection
	GlobalSection(SolutionProperties) = preSolution
		HideSolutionNode = FALSE
	EndGlobalSection
	GlobalSection(ExtensibilityGlobals) = postSolution
		SolutionGuid = {32FA7610-4C60-4C35-B221-27651B8AB650}
	EndGlobalSection
EndGlobal
